
Microsoft Visual Studio Solution File, Format Version 12.00
# Visual Studio Version 17
VisualStudioVersion = 17.14.36623.8 d17.14
MinimumVisualStudioVersion = 10.0.40219.1
Project("{FAE04EC0-301F-11D3-BF4B-00C04F79EFBC}") = "ECom.Api", "E-Com-Project\ECom.Api.csproj", "{A74F5658-6380-4A4E-9721-EE5FFA17FDE9}"
EndProject
Project("{2150E333-8FDC-42A3-9474-1A3956D46DE8}") = "src", "src", "{02EA681E-C7D8-13C7-8484-4AC65E1B71E8}"
EndProject
Project("{FAE04EC0-301F-11D3-BF4B-00C04F79EFBC}") = "ECom.Application", "ECom.Application\ECom.Application.csproj", "{07F09CD0-3850-45DE-B1F2-1DBF57696412}"
EndProject
Project("{FAE04EC0-301F-11D3-BF4B-00C04F79EFBC}") = "ECom.Domain", "ECom.Domain\ECom.Domain.csproj", "{E9BEB6A4-D5B4-479F-B5DA-DEEA51EE9254}"
EndProject
Project("{FAE04EC0-301F-11D3-BF4B-00C04F79EFBC}") = "ECom.Infrastructure", "ECom.Infrastructure\ECom.Infrastructure.csproj", "{FBBA9588-23D3-4141-B53F-4B43F0F9AD14}"
EndProject
Global
	GlobalSection(SolutionConfigurationPlatforms) = preSolution
		Debug|Any CPU = Debug|Any CPU
		Release|Any CPU = Release|Any CPU
	EndGlobalSection
	GlobalSection(ProjectConfigurationPlatforms) = postSolution
		{A74F5658-6380-4A4E-9721-EE5FFA17FDE9}.Debug|Any CPU.ActiveCfg = Debug|Any CPU
		{A74F5658-6380-4A4E-9721-EE5FFA17FDE9}.Debug|Any CPU.Build.0 = Debug|Any CPU
		{A74F5658-6380-4A4E-9721-EE5FFA17FDE9}.Release|Any CPU.ActiveCfg = Release|Any CPU
		{A74F5658-6380-4A4E-9721-EE5FFA17FDE9}.Release|Any CPU.Build.0 = Release|Any CPU
		{07F09CD0-3850-45DE-B1F2-1DBF57696412}.Debug|Any CPU.ActiveCfg = Debug|Any CPU
		{07F09CD0-3850-45DE-B1F2-1DBF57696412}.Debug|Any CPU.Build.0 = Debug|Any CPU
		{07F09CD0-3850-45DE-B1F2-1DBF57696412}.Release|Any CPU.ActiveCfg = Release|Any CPU
		{07F09CD0-3850-45DE-B1F2-1DBF57696412}.Release|Any CPU.Build.0 = Release|Any CPU
		{E9BEB6A4-D5B4-479F-B5DA-DEEA51EE9254}.Debug|Any CPU.ActiveCfg = Debug|Any CPU
		{E9BEB6A4-D5B4-479F-B5DA-DEEA51EE9254}.Debug|Any CPU.Build.0 = Debug|Any CPU
		{E9BEB6A4-D5B4-479F-B5DA-DEEA51EE9254}.Release|Any CPU.ActiveCfg = Release|Any CPU
		{E9BEB6A4-D5B4-479F-B5DA-DEEA51EE9254}.Release|Any CPU.Build.0 = Release|Any CPU
		{FBBA9588-23D3-4141-B53F-4B43F0F9AD14}.Debug|Any CPU.ActiveCfg = Debug|Any CPU
		{FBBA9588-23D3-4141-B53F-4B43F0F9AD14}.Debug|Any CPU.Build.0 = Debug|Any CPU
		{FBBA9588-23D3-4141-B53F-4B43F0F9AD14}.Release|Any CPU.ActiveCfg = Release|Any CPU
		{FBBA9588-23D3-4141-B53F-4B43F0F9AD14}.Release|Any CPU.Build.0 = Release|Any CPU
	EndGlobalSection
	GlobalSection(SolutionProperties) = preSolution
		HideSolutionNode = FALSE
	EndGlobalSection
	GlobalSection(NestedProjects) = preSolution
		{07F09CD0-3850-45DE-B1F2-1DBF57696412} = {02EA681E-C7D8-13C7-8484-4AC65E1B71E8}
		{E9BEB6A4-D5B4-479F-B5DA-DEEA51EE9254} = {02EA681E-C7D8-13C7-8484-4AC65E1B71E8}
		{FBBA9588-23D3-4141-B53F-4B43F0F9AD14} = {02EA681E-C7D8-13C7-8484-4AC65E1B71E8}
	EndGlobalSection
	GlobalSection(ExtensibilityGlobals) = postSolution
		SolutionGuid = {3247515A-E4A0-4B6C-92EA-1FAFD63EF3A9}
	EndGlobalSection
EndGlobal
